// !$*UTF8*$!
{
	archiveVersion = 1;
	classes = {
	};
	objectVersion = 50;
	objects = {

/* Begin PBXBuildFile section */
		B21D4004263AD2C100A4E779 /* WeightView.swift in Sources */ = {isa = PBXBuildFile; fileRef = B21D4003263AD2C100A4E779 /* WeightView.swift */; };
		B21D4008263AD2D300A4E779 /* LogWeight.swift in Sources */ = {isa = PBXBuildFile; fileRef = B21D4007263AD2D300A4E779 /* LogWeight.swift */; };
		B230337126420A65001B6D75 /* WeightListView.swift in Sources */ = {isa = PBXBuildFile; fileRef = B230337026420A65001B6D75 /* WeightListView.swift */; };
		B234C2C92632EDA500DF71D8 /* EmojiFeeling.swift in Sources */ = {isa = PBXBuildFile; fileRef = B234C2C82632EDA500DF71D8 /* EmojiFeeling.swift */; };
		B234C2CC2632F61700DF71D8 /* EmojiView.swift in Sources */ = {isa = PBXBuildFile; fileRef = B234C2CB2632F61700DF71D8 /* EmojiView.swift */; };
		B2359B9D2608C5EE00BC3777 /* CrunchWindowCard.swift in Sources */ = {isa = PBXBuildFile; fileRef = B2359B9C2608C5EE00BC3777 /* CrunchWindowCard.swift */; };
		B2359BA02608C66C00BC3777 /* CrunchNoteCard.swift in Sources */ = {isa = PBXBuildFile; fileRef = B2359B9F2608C66C00BC3777 /* CrunchNoteCard.swift */; };
		B2359BA7260900B700BC3777 /* DashboardView.swift in Sources */ = {isa = PBXBuildFile; fileRef = B2359BA6260900B700BC3777 /* DashboardView.swift */; };
		B2359BAB26091C8200BC3777 /* RecentEatingCardItem.swift in Sources */ = {isa = PBXBuildFile; fileRef = B2359BAA26091C8200BC3777 /* RecentEatingCardItem.swift */; };
		B2359BAF260AA32600BC3777 /* RecentEatingCard.swift in Sources */ = {isa = PBXBuildFile; fileRef = B2359BAE260AA32600BC3777 /* RecentEatingCard.swift */; };
		B239E1B72611F5D80077A1D4 /* CircularProgress.swift in Sources */ = {isa = PBXBuildFile; fileRef = B239E1B62611F5D80077A1D4 /* CircularProgress.swift */; };
		B239E1BE26122B350077A1D4 /* CloseWindowEditor.swift in Sources */ = {isa = PBXBuildFile; fileRef = B239E1BD26122B350077A1D4 /* CloseWindowEditor.swift */; };
		B24426802627496600310ABA /* SectionView.swift in Sources */ = {isa = PBXBuildFile; fileRef = B244267F2627496500310ABA /* SectionView.swift */; };
		B2483E7D262869CD00FB8C66 /* SettingsView.swift in Sources */ = {isa = PBXBuildFile; fileRef = B2483E7C262869CD00FB8C66 /* SettingsView.swift */; };
		B2483E8526286FFC00FB8C66 /* SettingSection.swift in Sources */ = {isa = PBXBuildFile; fileRef = B2483E8426286FFC00FB8C66 /* SettingSection.swift */; };
		B2483E902628730200FB8C66 /* NotificationModel.swift in Sources */ = {isa = PBXBuildFile; fileRef = B2483E8F2628730200FB8C66 /* NotificationModel.swift */; };
		B26E2F142608084600561217 /* CountdownProgress.swift in Sources */ = {isa = PBXBuildFile; fileRef = B26E2F132608084600561217 /* CountdownProgress.swift */; };
		B27940D82636A31300C82251 /* GraphCapsule.swift in Sources */ = {isa = PBXBuildFile; fileRef = B27940D72636A31300C82251 /* GraphCapsule.swift */; };
		B27940DB2636A3B900C82251 /* FastingGraph.swift in Sources */ = {isa = PBXBuildFile; fileRef = B27940DA2636A3B900C82251 /* FastingGraph.swift */; };
		B284453F262DD9EC0073E68B /* DisplayOptions.swift in Sources */ = {isa = PBXBuildFile; fileRef = B284453E262DD9EC0073E68B /* DisplayOptions.swift */; };
		B2844542262DDB580073E68B /* DisplayOptionsModel.swift in Sources */ = {isa = PBXBuildFile; fileRef = B2844541262DDB580073E68B /* DisplayOptionsModel.swift */; };
		B2844545262DE8290073E68B /* EndFastView.swift in Sources */ = {isa = PBXBuildFile; fileRef = B2844544262DE8290073E68B /* EndFastView.swift */; };
		B284454D262F017C0073E68B /* CameraModel.swift in Sources */ = {isa = PBXBuildFile; fileRef = B284454C262F017C0073E68B /* CameraModel.swift */; };
		B28F79DC26486595000E68C6 /* AddWeightView.swift in Sources */ = {isa = PBXBuildFile; fileRef = B28F79DB26486595000E68C6 /* AddWeightView.swift */; };
		B29C39A02620752D00F16FA1 /* Schedule.swift in Sources */ = {isa = PBXBuildFile; fileRef = B29C399F2620752D00F16FA1 /* Schedule.swift */; };
		B29C39A8262075D500F16FA1 /* ScheduleView.swift in Sources */ = {isa = PBXBuildFile; fileRef = B29C39A7262075D500F16FA1 /* ScheduleView.swift */; };
		B2A6AD5226397B060021631C /* ImageDataCoordinator.swift in Sources */ = {isa = PBXBuildFile; fileRef = B2A6AD5126397B060021631C /* ImageDataCoordinator.swift */; };
		B2A6AD5526397B9C0021631C /* ImagePickerView.swift in Sources */ = {isa = PBXBuildFile; fileRef = B2A6AD5426397B9C0021631C /* ImagePickerView.swift */; };
		B2AAF1F72604CAC800E6C4C6 /* CrunchhourApp.swift in Sources */ = {isa = PBXBuildFile; fileRef = B2AAF1F62604CAC800E6C4C6 /* CrunchhourApp.swift */; };
		B2AAF1F92604CAC800E6C4C6 /* ContentView.swift in Sources */ = {isa = PBXBuildFile; fileRef = B2AAF1F82604CAC800E6C4C6 /* ContentView.swift */; };
		B2AAF1FB2604CACA00E6C4C6 /* Assets.xcassets in Resources */ = {isa = PBXBuildFile; fileRef = B2AAF1FA2604CACA00E6C4C6 /* Assets.xcassets */; };
		B2AAF1FE2604CACA00E6C4C6 /* Preview Assets.xcassets in Resources */ = {isa = PBXBuildFile; fileRef = B2AAF1FD2604CACA00E6C4C6 /* Preview Assets.xcassets */; };
/* End PBXBuildFile section */

/* Begin PBXFileReference section */
		B21D4003263AD2C100A4E779 /* WeightView.swift */ = {isa = PBXFileReference; lastKnownFileType = sourcecode.swift; path = WeightView.swift; sourceTree = "<group>"; };
		B21D4007263AD2D300A4E779 /* LogWeight.swift */ = {isa = PBXFileReference; lastKnownFileType = sourcecode.swift; path = LogWeight.swift; sourceTree = "<group>"; };
		B230337026420A65001B6D75 /* WeightListView.swift */ = {isa = PBXFileReference; lastKnownFileType = sourcecode.swift; path = WeightListView.swift; sourceTree = "<group>"; };
		B234C2C82632EDA500DF71D8 /* EmojiFeeling.swift */ = {isa = PBXFileReference; lastKnownFileType = sourcecode.swift; path = EmojiFeeling.swift; sourceTree = "<group>"; };
		B234C2CB2632F61700DF71D8 /* EmojiView.swift */ = {isa = PBXFileReference; lastKnownFileType = sourcecode.swift; path = EmojiView.swift; sourceTree = "<group>"; };
		B2359B9C2608C5EE00BC3777 /* CrunchWindowCard.swift */ = {isa = PBXFileReference; lastKnownFileType = sourcecode.swift; path = CrunchWindowCard.swift; sourceTree = "<group>"; };
		B2359B9F2608C66C00BC3777 /* CrunchNoteCard.swift */ = {isa = PBXFileReference; lastKnownFileType = sourcecode.swift; path = CrunchNoteCard.swift; sourceTree = "<group>"; };
		B2359BA6260900B700BC3777 /* DashboardView.swift */ = {isa = PBXFileReference; lastKnownFileType = sourcecode.swift; path = DashboardView.swift; sourceTree = "<group>"; };
		B2359BAA26091C8200BC3777 /* RecentEatingCardItem.swift */ = {isa = PBXFileReference; lastKnownFileType = sourcecode.swift; path = RecentEatingCardItem.swift; sourceTree = "<group>"; };
		B2359BAE260AA32600BC3777 /* RecentEatingCard.swift */ = {isa = PBXFileReference; lastKnownFileType = sourcecode.swift; path = RecentEatingCard.swift; sourceTree = "<group>"; };
		B239E1B62611F5D80077A1D4 /* CircularProgress.swift */ = {isa = PBXFileReference; lastKnownFileType = sourcecode.swift; path = CircularProgress.swift; sourceTree = "<group>"; };
		B239E1BD26122B350077A1D4 /* CloseWindowEditor.swift */ = {isa = PBXFileReference; lastKnownFileType = sourcecode.swift; path = CloseWindowEditor.swift; sourceTree = "<group>"; };
		B244267F2627496500310ABA /* SectionView.swift */ = {isa = PBXFileReference; lastKnownFileType = sourcecode.swift; path = SectionView.swift; sourceTree = "<group>"; };
		B2483E7C262869CD00FB8C66 /* SettingsView.swift */ = {isa = PBXFileReference; lastKnownFileType = sourcecode.swift; path = SettingsView.swift; sourceTree = "<group>"; };
		B2483E8426286FFC00FB8C66 /* SettingSection.swift */ = {isa = PBXFileReference; lastKnownFileType = sourcecode.swift; path = SettingSection.swift; sourceTree = "<group>"; };
		B2483E8F2628730200FB8C66 /* NotificationModel.swift */ = {isa = PBXFileReference; lastKnownFileType = sourcecode.swift; path = NotificationModel.swift; sourceTree = "<group>"; };
		B26E2F132608084600561217 /* CountdownProgress.swift */ = {isa = PBXFileReference; lastKnownFileType = sourcecode.swift; path = CountdownProgress.swift; sourceTree = "<group>"; };
		B27940D72636A31300C82251 /* GraphCapsule.swift */ = {isa = PBXFileReference; lastKnownFileType = sourcecode.swift; path = GraphCapsule.swift; sourceTree = "<group>"; };
		B27940DA2636A3B900C82251 /* FastingGraph.swift */ = {isa = PBXFileReference; lastKnownFileType = sourcecode.swift; path = FastingGraph.swift; sourceTree = "<group>"; };
		B284453E262DD9EC0073E68B /* DisplayOptions.swift */ = {isa = PBXFileReference; lastKnownFileType = sourcecode.swift; path = DisplayOptions.swift; sourceTree = "<group>"; };
		B2844541262DDB580073E68B /* DisplayOptionsModel.swift */ = {isa = PBXFileReference; lastKnownFileType = sourcecode.swift; path = DisplayOptionsModel.swift; sourceTree = "<group>"; };
		B2844544262DE8290073E68B /* EndFastView.swift */ = {isa = PBXFileReference; lastKnownFileType = sourcecode.swift; path = EndFastView.swift; sourceTree = "<group>"; };
		B284454C262F017C0073E68B /* CameraModel.swift */ = {isa = PBXFileReference; lastKnownFileType = sourcecode.swift; path = CameraModel.swift; sourceTree = "<group>"; };
		B28F79DB26486595000E68C6 /* AddWeightView.swift */ = {isa = PBXFileReference; lastKnownFileType = sourcecode.swift; path = AddWeightView.swift; sourceTree = "<group>"; };
		B29C399F2620752D00F16FA1 /* Schedule.swift */ = {isa = PBXFileReference; lastKnownFileType = sourcecode.swift; path = Schedule.swift; sourceTree = "<group>"; };
		B29C39A7262075D500F16FA1 /* ScheduleView.swift */ = {isa = PBXFileReference; lastKnownFileType = sourcecode.swift; path = ScheduleView.swift; sourceTree = "<group>"; };
		B2A6AD5126397B060021631C /* ImageDataCoordinator.swift */ = {isa = PBXFileReference; lastKnownFileType = sourcecode.swift; path = ImageDataCoordinator.swift; sourceTree = "<group>"; };
		B2A6AD5426397B9C0021631C /* ImagePickerView.swift */ = {isa = PBXFileReference; lastKnownFileType = sourcecode.swift; path = ImagePickerView.swift; sourceTree = "<group>"; };
		B2AAF1F32604CAC800E6C4C6 /* Crunchhour.app */ = {isa = PBXFileReference; explicitFileType = wrapper.application; includeInIndex = 0; path = Crunchhour.app; sourceTree = BUILT_PRODUCTS_DIR; };
		B2AAF1F62604CAC800E6C4C6 /* CrunchhourApp.swift */ = {isa = PBXFileReference; lastKnownFileType = sourcecode.swift; path = CrunchhourApp.swift; sourceTree = "<group>"; };
		B2AAF1F82604CAC800E6C4C6 /* ContentView.swift */ = {isa = PBXFileReference; lastKnownFileType = sourcecode.swift; path = ContentView.swift; sourceTree = "<group>"; };
		B2AAF1FA2604CACA00E6C4C6 /* Assets.xcassets */ = {isa = PBXFileReference; lastKnownFileType = folder.assetcatalog; path = Assets.xcassets; sourceTree = "<group>"; };
		B2AAF1FD2604CACA00E6C4C6 /* Preview Assets.xcassets */ = {isa = PBXFileReference; lastKnownFileType = folder.assetcatalog; path = "Preview Assets.xcassets"; sourceTree = "<group>"; };
		B2AAF1FF2604CACA00E6C4C6 /* Info.plist */ = {isa = PBXFileReference; lastKnownFileType = text.plist.xml; path = Info.plist; sourceTree = "<group>"; };
/* End PBXFileReference section */

/* Begin PBXFrameworksBuildPhase section */
		B2AAF1F02604CAC800E6C4C6 /* Frameworks */ = {
			isa = PBXFrameworksBuildPhase;
			buildActionMask = 2147483647;
			files = (
			);
			runOnlyForDeploymentPostprocessing = 0;
		};
/* End PBXFrameworksBuildPhase section */

/* Begin PBXGroup section */
		B21D3FFD263AD28700A4E779 /* WeightLogs */ = {
			isa = PBXGroup;
			children = (
				B21D4003263AD2C100A4E779 /* WeightView.swift */,
				B21D4007263AD2D300A4E779 /* LogWeight.swift */,
				B230337026420A65001B6D75 /* WeightListView.swift */,
				B28F79DB26486595000E68C6 /* AddWeightView.swift */,
			);
			path = WeightLogs;
			sourceTree = "<group>";
		};
		B234C2CE2632F62200DF71D8 /* HelperViews */ = {
			isa = PBXGroup;
			children = (
				B234C2CB2632F61700DF71D8 /* EmojiView.swift */,
				B2A6AD5426397B9C0021631C /* ImagePickerView.swift */,
			);
			path = HelperViews;
			sourceTree = "<group>";
		};
		B2359BA52609009500BC3777 /* Dashboard */ = {
			isa = PBXGroup;
			children = (
				B26E2F132608084600561217 /* CountdownProgress.swift */,
				B2359B9C2608C5EE00BC3777 /* CrunchWindowCard.swift */,
				B2359B9F2608C66C00BC3777 /* CrunchNoteCard.swift */,
				B2359BA6260900B700BC3777 /* DashboardView.swift */,
				B2359BAA26091C8200BC3777 /* RecentEatingCardItem.swift */,
				B2359BAE260AA32600BC3777 /* RecentEatingCard.swift */,
				B239E1B62611F5D80077A1D4 /* CircularProgress.swift */,
			);
			path = Dashboard;
			sourceTree = "<group>";
		};
		B239E1C026122B3D0077A1D4 /* CloseWindow */ = {
			isa = PBXGroup;
			children = (
				B239E1BD26122B350077A1D4 /* CloseWindowEditor.swift */,
				B2844544262DE8290073E68B /* EndFastView.swift */,
			);
			path = CloseWindow;
			sourceTree = "<group>";
		};
		B2483E8026286F7B00FB8C66 /* Settings */ = {
			isa = PBXGroup;
			children = (
				B2483E7C262869CD00FB8C66 /* SettingsView.swift */,
				B2483E8426286FFC00FB8C66 /* SettingSection.swift */,
				B284453E262DD9EC0073E68B /* DisplayOptions.swift */,
			);
			path = Settings;
			sourceTree = "<group>";
		};
		B2634717260898E300F7DFB6 /* Views */ = {
			isa = PBXGroup;
			children = (
				B2AAF1F82604CAC800E6C4C6 /* ContentView.swift */,
				B27940D426369E5700C82251 /* Timeline */,
				B234C2CE2632F62200DF71D8 /* HelperViews */,
				B29C398E2620721F00F16FA1 /* Schedules */,
				B2359BA52609009500BC3777 /* Dashboard */,
				B239E1C026122B3D0077A1D4 /* CloseWindow */,
				B2483E8026286F7B00FB8C66 /* Settings */,
				B27940DD2636A40200C82251 /* Graphs */,
				B21D3FFD263AD28700A4E779 /* WeightLogs */,
			);
			path = Views;
			sourceTree = "<group>";
		};
		B27940D426369E5700C82251 /* Timeline */ = {
			isa = PBXGroup;
			children = (
			);
			path = Timeline;
			sourceTree = "<group>";
		};
		B27940DD2636A40200C82251 /* Graphs */ = {
			isa = PBXGroup;
			children = (
				B27940D72636A31300C82251 /* GraphCapsule.swift */,
				B27940DA2636A3B900C82251 /* FastingGraph.swift */,
			);
			path = Graphs;
			sourceTree = "<group>";
		};
		B29C398E2620721F00F16FA1 /* Schedules */ = {
			isa = PBXGroup;
			children = (
				B29C39A7262075D500F16FA1 /* ScheduleView.swift */,
				B244267F2627496500310ABA /* SectionView.swift */,
			);
			path = Schedules;
			sourceTree = "<group>";
		};
		B29C39992620731800F16FA1 /* Model */ = {
			isa = PBXGroup;
			children = (
				B29C399F2620752D00F16FA1 /* Schedule.swift */,
				B2483E8F2628730200FB8C66 /* NotificationModel.swift */,
				B2844541262DDB580073E68B /* DisplayOptionsModel.swift */,
				B284454C262F017C0073E68B /* CameraModel.swift */,
				B234C2C82632EDA500DF71D8 /* EmojiFeeling.swift */,
			);
			path = Model;
			sourceTree = "<group>";
		};
		B2A6AD4F26397AD30021631C /* Helpers */ = {
			isa = PBXGroup;
			children = (
				B2A6AD5126397B060021631C /* ImageDataCoordinator.swift */,
			);
			path = Helpers;
			sourceTree = "<group>";
		};
		B2AAF1EA2604CAC800E6C4C6 = {
			isa = PBXGroup;
			children = (
				B2AAF1F52604CAC800E6C4C6 /* Crunchhour */,
				B2AAF1F42604CAC800E6C4C6 /* Products */,
			);
			sourceTree = "<group>";
		};
		B2AAF1F42604CAC800E6C4C6 /* Products */ = {
			isa = PBXGroup;
			children = (
				B2AAF1F32604CAC800E6C4C6 /* Crunchhour.app */,
			);
			name = Products;
			sourceTree = "<group>";
		};
		B2AAF1F52604CAC800E6C4C6 /* Crunchhour */ = {
			isa = PBXGroup;
			children = (
				B2A6AD4F26397AD30021631C /* Helpers */,
				B2AAF1F62604CAC800E6C4C6 /* CrunchhourApp.swift */,
				B29C39992620731800F16FA1 /* Model */,
				B2634717260898E300F7DFB6 /* Views */,
				B2AAF1FA2604CACA00E6C4C6 /* Assets.xcassets */,
				B2AAF1FF2604CACA00E6C4C6 /* Info.plist */,
				B2AAF1FC2604CACA00E6C4C6 /* Preview Content */,
			);
			path = Crunchhour;
			sourceTree = "<group>";
		};
		B2AAF1FC2604CACA00E6C4C6 /* Preview Content */ = {
			isa = PBXGroup;
			children = (
				B2AAF1FD2604CACA00E6C4C6 /* Preview Assets.xcassets */,
			);
			path = "Preview Content";
			sourceTree = "<group>";
		};
/* End PBXGroup section */

/* Begin PBXNativeTarget section */
		B2AAF1F22604CAC800E6C4C6 /* Crunchhour */ = {
			isa = PBXNativeTarget;
			buildConfigurationList = B2AAF2022604CACA00E6C4C6 /* Build configuration list for PBXNativeTarget "Crunchhour" */;
			buildPhases = (
				B2AAF1EF2604CAC800E6C4C6 /* Sources */,
				B2AAF1F02604CAC800E6C4C6 /* Frameworks */,
				B2AAF1F12604CAC800E6C4C6 /* Resources */,
			);
			buildRules = (
			);
			dependencies = (
			);
			name = Crunchhour;
			productName = Crunchhour;
			productReference = B2AAF1F32604CAC800E6C4C6 /* Crunchhour.app */;
			productType = "com.apple.product-type.application";
		};
/* End PBXNativeTarget section */

/* Begin PBXProject section */
		B2AAF1EB2604CAC800E6C4C6 /* Project object */ = {
			isa = PBXProject;
			attributes = {
				LastSwiftUpdateCheck = 1220;
				LastUpgradeCheck = 1220;
				TargetAttributes = {
					B2AAF1F22604CAC800E6C4C6 = {
						CreatedOnToolsVersion = 12.2;
					};
				};
			};
			buildConfigurationList = B2AAF1EE2604CAC800E6C4C6 /* Build configuration list for PBXProject "Crunchhour" */;
			compatibilityVersion = "Xcode 9.3";
			developmentRegion = en;
			hasScannedForEncodings = 0;
			knownRegions = (
				en,
				Base,
			);
			mainGroup = B2AAF1EA2604CAC800E6C4C6;
			productRefGroup = B2AAF1F42604CAC800E6C4C6 /* Products */;
			projectDirPath = "";
			projectRoot = "";
			targets = (
				B2AAF1F22604CAC800E6C4C6 /* Crunchhour */,
			);
		};
/* End PBXProject section */

/* Begin PBXResourcesBuildPhase section */
		B2AAF1F12604CAC800E6C4C6 /* Resources */ = {
			isa = PBXResourcesBuildPhase;
			buildActionMask = 2147483647;
			files = (
				B2AAF1FE2604CACA00E6C4C6 /* Preview Assets.xcassets in Resources */,
				B2AAF1FB2604CACA00E6C4C6 /* Assets.xcassets in Resources */,
			);
			runOnlyForDeploymentPostprocessing = 0;
		};
/* End PBXResourcesBuildPhase section */

/* Begin PBXSourcesBuildPhase section */
		B2AAF1EF2604CAC800E6C4C6 /* Sources */ = {
			isa = PBXSourcesBuildPhase;
			buildActionMask = 2147483647;
			files = (
				B2483E902628730200FB8C66 /* NotificationModel.swift in Sources */,
				B27940DB2636A3B900C82251 /* FastingGraph.swift in Sources */,
				B2359BA02608C66C00BC3777 /* CrunchNoteCard.swift in Sources */,
				B234C2C92632EDA500DF71D8 /* EmojiFeeling.swift in Sources */,
				B2A6AD5526397B9C0021631C /* ImagePickerView.swift in Sources */,
				B284454D262F017C0073E68B /* CameraModel.swift in Sources */,
				B230337126420A65001B6D75 /* WeightListView.swift in Sources */,
				B21D4004263AD2C100A4E779 /* WeightView.swift in Sources */,
				B2844542262DDB580073E68B /* DisplayOptionsModel.swift in Sources */,
				B2359BA7260900B700BC3777 /* DashboardView.swift in Sources */,
				B26E2F142608084600561217 /* CountdownProgress.swift in Sources */,
				B29C39A02620752D00F16FA1 /* Schedule.swift in Sources */,
				B2AAF1F92604CAC800E6C4C6 /* ContentView.swift in Sources */,
				B2483E7D262869CD00FB8C66 /* SettingsView.swift in Sources */,
				B24426802627496600310ABA /* SectionView.swift in Sources */,
				B29C39A8262075D500F16FA1 /* ScheduleView.swift in Sources */,
				B2359BAF260AA32600BC3777 /* RecentEatingCard.swift in Sources */,
				B21D4008263AD2D300A4E779 /* LogWeight.swift in Sources */,
				B2483E8526286FFC00FB8C66 /* SettingSection.swift in Sources */,
				B2844545262DE8290073E68B /* EndFastView.swift in Sources */,
				B2A6AD5226397B060021631C /* ImageDataCoordinator.swift in Sources */,
				B239E1B72611F5D80077A1D4 /* CircularProgress.swift in Sources */,
				B28F79DC26486595000E68C6 /* AddWeightView.swift in Sources */,
				B234C2CC2632F61700DF71D8 /* EmojiView.swift in Sources */,
				B239E1BE26122B350077A1D4 /* CloseWindowEditor.swift in Sources */,
				B27940D82636A31300C82251 /* GraphCapsule.swift in Sources */,
				B2359B9D2608C5EE00BC3777 /* CrunchWindowCard.swift in Sources */,
				B284453F262DD9EC0073E68B /* DisplayOptions.swift in Sources */,
				B2AAF1F72604CAC800E6C4C6 /* CrunchhourApp.swift in Sources */,
				B2359BAB26091C8200BC3777 /* RecentEatingCardItem.swift in Sources */,
			);
			runOnlyForDeploymentPostprocessing = 0;
		};
/* End PBXSourcesBuildPhase section */

/* Begin XCBuildConfiguration section */
		B2AAF2002604CACA00E6C4C6 /* Debug */ = {
			isa = XCBuildConfiguration;
			buildSettings = {
				ALWAYS_SEARCH_USER_PATHS = NO;
				CLANG_ANALYZER_NONNULL = YES;
				CLANG_ANALYZER_NUMBER_OBJECT_CONVERSION = YES_AGGRESSIVE;
				CLANG_CXX_LANGUAGE_STANDARD = "gnu++14";
				CLANG_CXX_LIBRARY = "libc++";
				CLANG_ENABLE_MODULES = YES;
				CLANG_ENABLE_OBJC_ARC = YES;
				CLANG_ENABLE_OBJC_WEAK = YES;
				CLANG_WARN_BLOCK_CAPTURE_AUTORELEASING = YES;
				CLANG_WARN_BOOL_CONVERSION = YES;
				CLANG_WARN_COMMA = YES;
				CLANG_WARN_CONSTANT_CONVERSION = YES;
				CLANG_WARN_DEPRECATED_OBJC_IMPLEMENTATIONS = YES;
				CLANG_WARN_DIRECT_OBJC_ISA_USAGE = YES_ERROR;
				CLANG_WARN_DOCUMENTATION_COMMENTS = YES;
				CLANG_WARN_EMPTY_BODY = YES;
				CLANG_WARN_ENUM_CONVERSION = YES;
				CLANG_WARN_INFINITE_RECURSION = YES;
				CLANG_WARN_INT_CONVERSION = YES;
				CLANG_WARN_NON_LITERAL_NULL_CONVERSION = YES;
				CLANG_WARN_OBJC_IMPLICIT_RETAIN_SELF = YES;
				CLANG_WARN_OBJC_LITERAL_CONVERSION = YES;
				CLANG_WARN_OBJC_ROOT_CLASS = YES_ERROR;
				CLANG_WARN_QUOTED_INCLUDE_IN_FRAMEWORK_HEADER = YES;
				CLANG_WARN_RANGE_LOOP_ANALYSIS = YES;
				CLANG_WARN_STRICT_PROTOTYPES = YES;
				CLANG_WARN_SUSPICIOUS_MOVE = YES;
				CLANG_WARN_UNGUARDED_AVAILABILITY = YES_AGGRESSIVE;
				CLANG_WARN_UNREACHABLE_CODE = YES;
				CLANG_WARN__DUPLICATE_METHOD_MATCH = YES;
				COPY_PHASE_STRIP = NO;
				DEBUG_INFORMATION_FORMAT = dwarf;
				ENABLE_STRICT_OBJC_MSGSEND = YES;
				ENABLE_TESTABILITY = YES;
				GCC_C_LANGUAGE_STANDARD = gnu11;
				GCC_DYNAMIC_NO_PIC = NO;
				GCC_NO_COMMON_BLOCKS = YES;
				GCC_OPTIMIZATION_LEVEL = 0;
				GCC_PREPROCESSOR_DEFINITIONS = (
					"DEBUG=1",
					"$(inherited)",
				);
				GCC_WARN_64_TO_32_BIT_CONVERSION = YES;
				GCC_WARN_ABOUT_RETURN_TYPE = YES_ERROR;
				GCC_WARN_UNDECLARED_SELECTOR = YES;
				GCC_WARN_UNINITIALIZED_AUTOS = YES_AGGRESSIVE;
				GCC_WARN_UNUSED_FUNCTION = YES;
				GCC_WARN_UNUSED_VARIABLE = YES;
				IPHONEOS_DEPLOYMENT_TARGET = 14.2;
				MTL_ENABLE_DEBUG_INFO = INCLUDE_SOURCE;
				MTL_FAST_MATH = YES;
				ONLY_ACTIVE_ARCH = YES;
				SDKROOT = iphoneos;
				SWIFT_ACTIVE_COMPILATION_CONDITIONS = DEBUG;
				SWIFT_OPTIMIZATION_LEVEL = "-Onone";
			};
			name = Debug;
		};
		B2AAF2012604CACA00E6C4C6 /* Release */ = {
			isa = XCBuildConfiguration;
			buildSettings = {
				ALWAYS_SEARCH_USER_PATHS = NO;
				CLANG_ANALYZER_NONNULL = YES;
				CLANG_ANALYZER_NUMBER_OBJECT_CONVERSION = YES_AGGRESSIVE;
				CLANG_CXX_LANGUAGE_STANDARD = "gnu++14";
				CLANG_CXX_LIBRARY = "libc++";
				CLANG_ENABLE_MODULES = YES;
				CLANG_ENABLE_OBJC_ARC = YES;
				CLANG_ENABLE_OBJC_WEAK = YES;
				CLANG_WARN_BLOCK_CAPTURE_AUTORELEASING = YES;
				CLANG_WARN_BOOL_CONVERSION = YES;
				CLANG_WARN_COMMA = YES;
				CLANG_WARN_CONSTANT_CONVERSION = YES;
				CLANG_WARN_DEPRECATED_OBJC_IMPLEMENTATIONS = YES;
				CLANG_WARN_DIRECT_OBJC_ISA_USAGE = YES_ERROR;
				CLANG_WARN_DOCUMENTATION_COMMENTS = YES;
				CLANG_WARN_EMPTY_BODY = YES;
				CLANG_WARN_ENUM_CONVERSION = YES;
				CLANG_WARN_INFINITE_RECURSION = YES;
				CLANG_WARN_INT_CONVERSION = YES;
				CLANG_WARN_NON_LITERAL_NULL_CONVERSION = YES;
				CLANG_WARN_OBJC_IMPLICIT_RETAIN_SELF = YES;
				CLANG_WARN_OBJC_LITERAL_CONVERSION = YES;
				CLANG_WARN_OBJC_ROOT_CLASS = YES_ERROR;
				CLANG_WARN_QUOTED_INCLUDE_IN_FRAMEWORK_HEADER = YES;
				CLANG_WARN_RANGE_LOOP_ANALYSIS = YES;
				CLANG_WARN_STRICT_PROTOTYPES = YES;
				CLANG_WARN_SUSPICIOUS_MOVE = YES;
				CLANG_WARN_UNGUARDED_AVAILABILITY = YES_AGGRESSIVE;
				CLANG_WARN_UNREACHABLE_CODE = YES;
				CLANG_WARN__DUPLICATE_METHOD_MATCH = YES;
				COPY_PHASE_STRIP = NO;
				DEBUG_INFORMATION_FORMAT = "dwarf-with-dsym";
				ENABLE_NS_ASSERTIONS = NO;
				ENABLE_STRICT_OBJC_MSGSEND = YES;
				GCC_C_LANGUAGE_STANDARD = gnu11;
				GCC_NO_COMMON_BLOCKS = YES;
				GCC_WARN_64_TO_32_BIT_CONVERSION = YES;
				GCC_WARN_ABOUT_RETURN_TYPE = YES_ERROR;
				GCC_WARN_UNDECLARED_SELECTOR = YES;
				GCC_WARN_UNINITIALIZED_AUTOS = YES_AGGRESSIVE;
				GCC_WARN_UNUSED_FUNCTION = YES;
				GCC_WARN_UNUSED_VARIABLE = YES;
				IPHONEOS_DEPLOYMENT_TARGET = 14.2;
				MTL_ENABLE_DEBUG_INFO = NO;
				MTL_FAST_MATH = YES;
				SDKROOT = iphoneos;
				SWIFT_COMPILATION_MODE = wholemodule;
				SWIFT_OPTIMIZATION_LEVEL = "-O";
				VALIDATE_PRODUCT = YES;
			};
			name = Release;
		};
		B2AAF2032604CACA00E6C4C6 /* Debug */ = {
			isa = XCBuildConfiguration;
			buildSettings = {
				ASSETCATALOG_COMPILER_APPICON_NAME = AppIcon;
				ASSETCATALOG_COMPILER_GLOBAL_ACCENT_COLOR_NAME = AccentColor;
				CODE_SIGN_STYLE = Automatic;
				DEVELOPMENT_ASSET_PATHS = "\"Crunchhour/Preview Content\"";
				DEVELOPMENT_TEAM = 9WTXG2G2BJ;
				ENABLE_PREVIEWS = YES;
				INFOPLIST_FILE = Crunchhour/Info.plist;
				IPHONEOS_DEPLOYMENT_TARGET = 14.0;
				LD_RUNPATH_SEARCH_PATHS = (
					"$(inherited)",
					"@executable_path/Frameworks",
				);
				PRODUCT_BUNDLE_IDENTIFIER = tech.diayansiat.Crunchhour;
				PRODUCT_NAME = "$(TARGET_NAME)";
				SWIFT_VERSION = 5.0;
				TARGETED_DEVICE_FAMILY = "1,2";
			};
			name = Debug;
		};
		B2AAF2042604CACA00E6C4C6 /* Release */ = {
			isa = XCBuildConfiguration;
			buildSettings = {
				ASSETCATALOG_COMPILER_APPICON_NAME = AppIcon;
				ASSETCATALOG_COMPILER_GLOBAL_ACCENT_COLOR_NAME = AccentColor;
				CODE_SIGN_STYLE = Automatic;
				DEVELOPMENT_ASSET_PATHS = "\"Crunchhour/Preview Content\"";
				DEVELOPMENT_TEAM = 9WTXG2G2BJ;
				ENABLE_PREVIEWS = YES;
				INFOPLIST_FILE = Crunchhour/Info.plist;
				IPHONEOS_DEPLOYMENT_TARGET = 14.0;
				LD_RUNPATH_SEARCH_PATHS = (
					"$(inherited)",
					"@executable_path/Frameworks",
				);
				PRODUCT_BUNDLE_IDENTIFIER = tech.diayansiat.Crunchhour;
				PRODUCT_NAME = "$(TARGET_NAME)";
				SWIFT_VERSION = 5.0;
				TARGETED_DEVICE_FAMILY = "1,2";
			};
			name = Release;
		};
/* End XCBuildConfiguration section */

/* Begin XCConfigurationList section */
		B2AAF1EE2604CAC800E6C4C6 /* Build configuration list for PBXProject "Crunchhour" */ = {
			isa = XCConfigurationList;
			buildConfigurations = (
				B2AAF2002604CACA00E6C4C6 /* Debug */,
				B2AAF2012604CACA00E6C4C6 /* Release */,
			);
			defaultConfigurationIsVisible = 0;
			defaultConfigurationName = Release;
		};
		B2AAF2022604CACA00E6C4C6 /* Build configuration list for PBXNativeTarget "Crunchhour" */ = {
			isa = XCConfigurationList;
			buildConfigurations = (
				B2AAF2032604CACA00E6C4C6 /* Debug */,
				B2AAF2042604CACA00E6C4C6 /* Release */,
			);
			defaultConfigurationIsVisible = 0;
			defaultConfigurationName = Release;
		};
/* End XCConfigurationList section */
	};
	rootObject = B2AAF1EB2604CAC800E6C4C6 /* Project object */;
}
